// !$*UTF8*$!
{
	archiveVersion = 1;
	classes = {
	};
	objectVersion = 46;
	objects = {

/* Begin PBXBuildFile section */
		0279D9311634723E0072A5BD /* Foundation.framework in Frameworks */ = {isa = PBXBuildFile; fileRef = 0279D9301634723E0072A5BD /* Foundation.framework */; };
		0279D9341634723E0072A5BD /* main.m in Sources */ = {isa = PBXBuildFile; fileRef = 0279D9331634723E0072A5BD /* main.m */; };
		0279D9381634723E0072A5BD /* FinderMenu.1 in CopyFiles */ = {isa = PBXBuildFile; fileRef = 0279D9371634723E0072A5BD /* FinderMenu.1 */; };
		0279D94E163473520072A5BD /* mach_inject_bundle.framework in Frameworks */ = {isa = PBXBuildFile; fileRef = 0279D94A163472F80072A5BD /* mach_inject_bundle.framework */; };
		0279D952163476890072A5BD /* mach_inject_bundle.framework in CopyFiles */ = {isa = PBXBuildFile; fileRef = 0279D94A163472F80072A5BD /* mach_inject_bundle.framework */; };
		0279D96616347E670072A5BD /* InfoPlist.strings in Resources */ = {isa = PBXBuildFile; fileRef = 0279D96416347E670072A5BD /* InfoPlist.strings */; };
		0279D96D163480450072A5BD /* FinderExt.m in Sources */ = {isa = PBXBuildFile; fileRef = 0279D96C163480450072A5BD /* FinderExt.m */; };
		0279D9701634882E0072A5BD /* AppKit.framework in Frameworks */ = {isa = PBXBuildFile; fileRef = 0279D95E16347E670072A5BD /* AppKit.framework */; };
		0291CA3C1635FA1C001E5737 /* Cocoa.framework in Frameworks */ = {isa = PBXBuildFile; fileRef = 0279D95B16347E670072A5BD /* Cocoa.framework */; };
		0291CA441637066A001E5737 /* mach_override.c in Sources */ = {isa = PBXBuildFile; fileRef = 0291CA421637066A001E5737 /* mach_override.c */; };
/* End PBXBuildFile section */

/* Begin PBXContainerItemProxy section */
		0279D949163472F80072A5BD /* PBXContainerItemProxy */ = {
			isa = PBXContainerItemProxy;
			containerPortal = 0279D93E163472F70072A5BD /* mach_inject_bundle.xcodeproj */;
			proxyType = 2;
			remoteGlobalIDString = 8DC2EF5B0486A6940098B216;
			remoteInfo = mach_inject_bundle;
		};
		0279D94C1634734E0072A5BD /* PBXContainerItemProxy */ = {
			isa = PBXContainerItemProxy;
			containerPortal = 0279D93E163472F70072A5BD /* mach_inject_bundle.xcodeproj */;
			proxyType = 1;
			remoteGlobalIDString = 8DC2EF4F0486A6940098B216;
			remoteInfo = mach_inject_bundle;
		};
		0279D96E163480800072A5BD /* PBXContainerItemProxy */ = {
			isa = PBXContainerItemProxy;
			containerPortal = 0279D9231634723E0072A5BD /* Project object */;
			proxyType = 1;
			remoteGlobalIDString = 0279D95916347E670072A5BD;
			remoteInfo = FinderExt;
		};
/* End PBXContainerItemProxy section */

/* Begin PBXCopyFilesBuildPhase section */
		0279D92A1634723E0072A5BD /* CopyFiles */ = {
			isa = PBXCopyFilesBuildPhase;
			buildActionMask = 2147483647;
			dstPath = /usr/share/man/man1/;
			dstSubfolderSpec = 0;
			files = (
				0279D9381634723E0072A5BD /* FinderMenu.1 in CopyFiles */,
			);
			runOnlyForDeploymentPostprocessing = 1;
		};
		0279D951163476780072A5BD /* CopyFiles */ = {
			isa = PBXCopyFilesBuildPhase;
			buildActionMask = 2147483647;
			dstPath = "";
			dstSubfolderSpec = 10;
			files = (
				0279D952163476890072A5BD /* mach_inject_bundle.framework in CopyFiles */,
			);
			runOnlyForDeploymentPostprocessing = 0;
		};
/* End PBXCopyFilesBuildPhase section */

/* Begin PBXFileReference section */
		0279D92C1634723E0072A5BD /* FinderMenu */ = {isa = PBXFileReference; explicitFileType = "compiled.mach-o.executable"; includeInIndex = 0; path = FinderMenu; sourceTree = BUILT_PRODUCTS_DIR; };
		0279D9301634723E0072A5BD /* Foundation.framework */ = {isa = PBXFileReference; lastKnownFileType = wrapper.framework; name = Foundation.framework; path = System/Library/Frameworks/Foundation.framework; sourceTree = SDKROOT; };
		0279D9331634723E0072A5BD /* main.m */ = {isa = PBXFileReference; lastKnownFileType = sourcecode.c.objc; path = main.m; sourceTree = "<group>"; };
		0279D9361634723E0072A5BD /* FinderMenu-Prefix.pch */ = {isa = PBXFileReference; lastKnownFileType = sourcecode.c.h; path = "FinderMenu-Prefix.pch"; sourceTree = "<group>"; };
		0279D9371634723E0072A5BD /* FinderMenu.1 */ = {isa = PBXFileReference; lastKnownFileType = text.man; path = FinderMenu.1; sourceTree = "<group>"; };
		0279D93E163472F70072A5BD /* mach_inject_bundle.xcodeproj */ = {isa = PBXFileReference; lastKnownFileType = "wrapper.pb-project"; name = mach_inject_bundle.xcodeproj; path = mach_inject/mach_inject_bundle/mach_inject_bundle.xcodeproj; sourceTree = "<group>"; };
		0279D95A16347E670072A5BD /* FinderExt.bundle */ = {isa = PBXFileReference; explicitFileType = wrapper.cfbundle; includeInIndex = 0; path = FinderExt.bundle; sourceTree = BUILT_PRODUCTS_DIR; };
		0279D95B16347E670072A5BD /* Cocoa.framework */ = {isa = PBXFileReference; lastKnownFileType = wrapper.framework; name = Cocoa.framework; path = System/Library/Frameworks/Cocoa.framework; sourceTree = SDKROOT; };
		0279D95E16347E670072A5BD /* AppKit.framework */ = {isa = PBXFileReference; lastKnownFileType = wrapper.framework; name = AppKit.framework; path = System/Library/Frameworks/AppKit.framework; sourceTree = SDKROOT; };
		0279D95F16347E670072A5BD /* CoreData.framework */ = {isa = PBXFileReference; lastKnownFileType = wrapper.framework; name = CoreData.framework; path = System/Library/Frameworks/CoreData.framework; sourceTree = SDKROOT; };
		0279D96016347E670072A5BD /* Foundation.framework */ = {isa = PBXFileReference; lastKnownFileType = wrapper.framework; name = Foundation.framework; path = System/Library/Frameworks/Foundation.framework; sourceTree = SDKROOT; };
		0279D96316347E670072A5BD /* FinderExt-Info.plist */ = {isa = PBXFileReference; lastKnownFileType = text.plist.xml; path = "FinderExt-Info.plist"; sourceTree = "<group>"; };
		0279D96516347E670072A5BD /* en */ = {isa = PBXFileReference; lastKnownFileType = text.plist.strings; name = en; path = en.lproj/InfoPlist.strings; sourceTree = "<group>"; };
		0279D96716347E670072A5BD /* FinderExt-Prefix.pch */ = {isa = PBXFileReference; lastKnownFileType = sourcecode.c.h; path = "FinderExt-Prefix.pch"; sourceTree = "<group>"; };
		0279D96B163480450072A5BD /* FinderExt.h */ = {isa = PBXFileReference; fileEncoding = 4; lastKnownFileType = sourcecode.c.h; path = FinderExt.h; sourceTree = "<group>"; };
		0279D96C163480450072A5BD /* FinderExt.m */ = {isa = PBXFileReference; fileEncoding = 4; lastKnownFileType = sourcecode.c.objc; path = FinderExt.m; sourceTree = "<group>"; };
		0291CA421637066A001E5737 /* mach_override.c */ = {isa = PBXFileReference; fileEncoding = 4; lastKnownFileType = sourcecode.c.c; name = mach_override.c; path = mach_override/mach_override.c; sourceTree = SOURCE_ROOT; };
		0291CA431637066A001E5737 /* mach_override.h */ = {isa = PBXFileReference; fileEncoding = 4; lastKnownFileType = sourcecode.c.h; name = mach_override.h; path = mach_override/mach_override.h; sourceTree = SOURCE_ROOT; };
/* End PBXFileReference section */

/* Begin PBXFrameworksBuildPhase section */
		0279D9291634723E0072A5BD /* Frameworks */ = {
			isa = PBXFrameworksBuildPhase;
			buildActionMask = 2147483647;
			files = (
				0279D9701634882E0072A5BD /* AppKit.framework in Frameworks */,
				0279D94E163473520072A5BD /* mach_inject_bundle.framework in Frameworks */,
				0279D9311634723E0072A5BD /* Foundation.framework in Frameworks */,
			);
			runOnlyForDeploymentPostprocessing = 0;
		};
		0279D95716347E670072A5BD /* Frameworks */ = {
			isa = PBXFrameworksBuildPhase;
			buildActionMask = 2147483647;
			files = (
				0291CA3C1635FA1C001E5737 /* Cocoa.framework in Frameworks */,
			);
			runOnlyForDeploymentPostprocessing = 0;
		};
/* End PBXFrameworksBuildPhase section */

/* Begin PBXGroup section */
		0279D9211634723E0072A5BD = {
			isa = PBXGroup;
			children = (
				0279D93E163472F70072A5BD /* mach_inject_bundle.xcodeproj */,
				0279D9321634723E0072A5BD /* FinderMenu */,
				0279D96116347E670072A5BD /* FinderExt */,
				0279D92F1634723E0072A5BD /* Frameworks */,
				0279D92D1634723E0072A5BD /* Products */,
			);
			sourceTree = "<group>";
		};
		0279D92D1634723E0072A5BD /* Products */ = {
			isa = PBXGroup;
			children = (
				0279D92C1634723E0072A5BD /* FinderMenu */,
				0279D95A16347E670072A5BD /* FinderExt.bundle */,
			);
			name = Products;
			sourceTree = "<group>";
		};
		0279D92F1634723E0072A5BD /* Frameworks */ = {
			isa = PBXGroup;
			children = (
				0279D9301634723E0072A5BD /* Foundation.framework */,
				0279D95B16347E670072A5BD /* Cocoa.framework */,
				0279D95D16347E670072A5BD /* Other Frameworks */,
			);
			name = Frameworks;
			sourceTree = "<group>";
		};
		0279D9321634723E0072A5BD /* FinderMenu */ = {
			isa = PBXGroup;
			children = (
				0279D9331634723E0072A5BD /* main.m */,
				0279D9371634723E0072A5BD /* FinderMenu.1 */,
				0279D9351634723E0072A5BD /* Supporting Files */,
			);
			path = FinderMenu;
			sourceTree = "<group>";
		};
		0279D9351634723E0072A5BD /* Supporting Files */ = {
			isa = PBXGroup;
			children = (
				0279D9361634723E0072A5BD /* FinderMenu-Prefix.pch */,
			);
			name = "Supporting Files";
			sourceTree = "<group>";
		};
		0279D93F163472F70072A5BD /* Products */ = {
			isa = PBXGroup;
			children = (
				0279D94A163472F80072A5BD /* mach_inject_bundle.framework */,
			);
			name = Products;
			sourceTree = "<group>";
		};
		0279D95D16347E670072A5BD /* Other Frameworks */ = {
			isa = PBXGroup;
			children = (
				0279D95E16347E670072A5BD /* AppKit.framework */,
				0279D95F16347E670072A5BD /* CoreData.framework */,
				0279D96016347E670072A5BD /* Foundation.framework */,
			);
			name = "Other Frameworks";
			sourceTree = "<group>";
		};
		0279D96116347E670072A5BD /* FinderExt */ = {
			isa = PBXGroup;
			children = (
				0291CA4116370657001E5737 /* mach_override */,
				0279D96B163480450072A5BD /* FinderExt.h */,
				0279D96C163480450072A5BD /* FinderExt.m */,
				0279D96216347E670072A5BD /* Supporting Files */,
			);
			path = FinderExt;
			sourceTree = "<group>";
		};
		0279D96216347E670072A5BD /* Supporting Files */ = {
			isa = PBXGroup;
			children = (
				0279D96316347E670072A5BD /* FinderExt-Info.plist */,
				0279D96416347E670072A5BD /* InfoPlist.strings */,
				0279D96716347E670072A5BD /* FinderExt-Prefix.pch */,
			);
			name = "Supporting Files";
			sourceTree = "<group>";
		};
		0291CA4116370657001E5737 /* mach_override */ = {
			isa = PBXGroup;
			children = (
				0291CA421637066A001E5737 /* mach_override.c */,
				0291CA431637066A001E5737 /* mach_override.h */,
			);
			name = mach_override;
			sourceTree = "<group>";
		};
/* End PBXGroup section */

/* Begin PBXNativeTarget section */
		0279D92B1634723E0072A5BD /* FinderMenu */ = {
			isa = PBXNativeTarget;
			buildConfigurationList = 0279D93B1634723E0072A5BD /* Build configuration list for PBXNativeTarget "FinderMenu" */;
			buildPhases = (
				0279D9281634723E0072A5BD /* Sources */,
				0279D9291634723E0072A5BD /* Frameworks */,
				0279D92A1634723E0072A5BD /* CopyFiles */,
				0279D951163476780072A5BD /* CopyFiles */,
				0279D95516347D0E0072A5BD /* ShellScript */,
			);
			buildRules = (
			);
			dependencies = (
				0279D96F163480800072A5BD /* PBXTargetDependency */,
				0279D94D1634734E0072A5BD /* PBXTargetDependency */,
			);
			name = FinderMenu;
			productName = FinderMenu;
			productReference = 0279D92C1634723E0072A5BD /* FinderMenu */;
			productType = "com.apple.product-type.tool";
		};
		0279D95916347E670072A5BD /* FinderExt */ = {
			isa = PBXNativeTarget;
			buildConfigurationList = 0279D96816347E670072A5BD /* Build configuration list for PBXNativeTarget "FinderExt" */;
			buildPhases = (
				0279D95616347E670072A5BD /* Sources */,
				0279D95716347E670072A5BD /* Frameworks */,
				0279D95816347E670072A5BD /* Resources */,
			);
			buildRules = (
			);
			dependencies = (
			);
			name = FinderExt;
			productName = FinderExt;
			productReference = 0279D95A16347E670072A5BD /* FinderExt.bundle */;
			productType = "com.apple.product-type.bundle";
		};
/* End PBXNativeTarget section */

/* Begin PBXProject section */
		0279D9231634723E0072A5BD /* Project object */ = {
			isa = PBXProject;
			attributes = {
				LastUpgradeCheck = 0450;
				ORGANIZATIONNAME = InfiniteLabs;
			};
			buildConfigurationList = 0279D9261634723E0072A5BD /* Build configuration list for PBXProject "FinderMenu" */;
			compatibilityVersion = "Xcode 3.2";
			developmentRegion = English;
			hasScannedForEncodings = 0;
			knownRegions = (
				en,
			);
			mainGroup = 0279D9211634723E0072A5BD;
			productRefGroup = 0279D92D1634723E0072A5BD /* Products */;
			projectDirPath = "";
			projectReferences = (
				{
					ProductGroup = 0279D93F163472F70072A5BD /* Products */;
					ProjectRef = 0279D93E163472F70072A5BD /* mach_inject_bundle.xcodeproj */;
				},
			);
			projectRoot = "";
			targets = (
				0279D92B1634723E0072A5BD /* FinderMenu */,
				0279D95916347E670072A5BD /* FinderExt */,
			);
		};
/* End PBXProject section */

/* Begin PBXReferenceProxy section */
		0279D94A163472F80072A5BD /* mach_inject_bundle.framework */ = {
			isa = PBXReferenceProxy;
			fileType = wrapper.framework;
			path = mach_inject_bundle.framework;
			remoteRef = 0279D949163472F80072A5BD /* PBXContainerItemProxy */;
			sourceTree = BUILT_PRODUCTS_DIR;
		};
/* End PBXReferenceProxy section */

/* Begin PBXResourcesBuildPhase section */
		0279D95816347E670072A5BD /* Resources */ = {
			isa = PBXResourcesBuildPhase;
			buildActionMask = 2147483647;
			files = (
				0279D96616347E670072A5BD /* InfoPlist.strings in Resources */,
			);
			runOnlyForDeploymentPostprocessing = 0;
		};
/* End PBXResourcesBuildPhase section */

/* Begin PBXShellScriptBuildPhase section */
		0279D95516347D0E0072A5BD /* ShellScript */ = {
			isa = PBXShellScriptBuildPhase;
			buildActionMask = 2147483647;
			files = (
			);
			inputPaths = (
			);
			outputPaths = (
			);
			runOnlyForDeploymentPostprocessing = 0;
			shellPath = /bin/sh;
			shellScript = "install_name_tool -change @rpath/Frameworks/mach_inject_bundle.framework/Versions/A/mach_inject_bundle @executable_path/mach_inject_bundle.framework/Versions/A/mach_inject_bundle ${TARGET_BUILD_DIR}/${TARGET_NAME}";
			showEnvVarsInLog = 0;
		};
/* End PBXShellScriptBuildPhase section */

/* Begin PBXSourcesBuildPhase section */
		0279D9281634723E0072A5BD /* Sources */ = {
			isa = PBXSourcesBuildPhase;
			buildActionMask = 2147483647;
			files = (
				0279D9341634723E0072A5BD /* main.m in Sources */,
			);
			runOnlyForDeploymentPostprocessing = 0;
		};
		0279D95616347E670072A5BD /* Sources */ = {
			isa = PBXSourcesBuildPhase;
			buildActionMask = 2147483647;
			files = (
				0279D96D163480450072A5BD /* FinderExt.m in Sources */,
				0291CA441637066A001E5737 /* mach_override.c in Sources */,
			);
			runOnlyForDeploymentPostprocessing = 0;
		};
/* End PBXSourcesBuildPhase section */

/* Begin PBXTargetDependency section */
		0279D94D1634734E0072A5BD /* PBXTargetDependency */ = {
			isa = PBXTargetDependency;
			name = mach_inject_bundle;
			targetProxy = 0279D94C1634734E0072A5BD /* PBXContainerItemProxy */;
		};
		0279D96F163480800072A5BD /* PBXTargetDependency */ = {
			isa = PBXTargetDependency;
			target = 0279D95916347E670072A5BD /* FinderExt */;
			targetProxy = 0279D96E163480800072A5BD /* PBXContainerItemProxy */;
		};
/* End PBXTargetDependency section */

/* Begin PBXVariantGroup section */
		0279D96416347E670072A5BD /* InfoPlist.strings */ = {
			isa = PBXVariantGroup;
			children = (
				0279D96516347E670072A5BD /* en */,
			);
			name = InfoPlist.strings;
			sourceTree = "<group>";
		};
/* End PBXVariantGroup section */

/* Begin XCBuildConfiguration section */
		0279D9391634723E0072A5BD /* Debug */ = {
			isa = XCBuildConfiguration;
			buildSettings = {
				ALWAYS_SEARCH_USER_PATHS = NO;
				ARCHS = "$(ARCHS_STANDARD_32_64_BIT)";
				CLANG_CXX_LANGUAGE_STANDARD = "gnu++0x";
				CLANG_CXX_LIBRARY = "libc++";
				CLANG_WARN_EMPTY_BODY = YES;
				CLANG_WARN__DUPLICATE_METHOD_MATCH = YES;
				COPY_PHASE_STRIP = NO;
				GCC_C_LANGUAGE_STANDARD = gnu99;
				GCC_DYNAMIC_NO_PIC = NO;
				GCC_ENABLE_OBJC_EXCEPTIONS = YES;
				GCC_OPTIMIZATION_LEVEL = 0;
				GCC_PREPROCESSOR_DEFINITIONS = (
					"DEBUG=1",
					"$(inherited)",
				);
				GCC_SYMBOLS_PRIVATE_EXTERN = NO;
				GCC_WARN_64_TO_32_BIT_CONVERSION = YES;
				GCC_WARN_ABOUT_RETURN_TYPE = YES;
				GCC_WARN_UNINITIALIZED_AUTOS = YES;
				GCC_WARN_UNUSED_VARIABLE = YES;
				MACOSX_DEPLOYMENT_TARGET = 10.8;
				ONLY_ACTIVE_ARCH = YES;
			};
			name = Debug;
		};
		0279D93A1634723E0072A5BD /* Release */ = {
			isa = XCBuildConfiguration;
			buildSettings = {
				ALWAYS_SEARCH_USER_PATHS = NO;
				ARCHS = "$(ARCHS_STANDARD_32_64_BIT)";
				CLANG_CXX_LANGUAGE_STANDARD = "gnu++0x";
				CLANG_CXX_LIBRARY = "libc++";
				CLANG_WARN_EMPTY_BODY = YES;
				CLANG_WARN__DUPLICATE_METHOD_MATCH = YES;
				COPY_PHASE_STRIP = YES;
				DEBUG_INFORMATION_FORMAT = "dwarf-with-dsym";
				GCC_C_LANGUAGE_STANDARD = gnu99;
				GCC_ENABLE_OBJC_EXCEPTIONS = YES;
				GCC_WARN_64_TO_32_BIT_CONVERSION = YES;
				GCC_WARN_ABOUT_RETURN_TYPE = YES;
				GCC_WARN_UNINITIALIZED_AUTOS = YES;
				GCC_WARN_UNUSED_VARIABLE = YES;
				MACOSX_DEPLOYMENT_TARGET = 10.8;
			};
			name = Release;
		};
		0279D93C1634723E0072A5BD /* Debug */ = {
			isa = XCBuildConfiguration;
			buildSettings = {
				FRAMEWORK_SEARCH_PATHS = (
					"$(inherited)",
					"\"$(SRCROOT)/../../Library/Developer/Xcode/DerivedData/FinderMenu-gnxhprxagzyxouaxzogedlgqbqck/Build/Products/Default\"",
				);
				GCC_PRECOMPILE_PREFIX_HEADER = YES;
				GCC_PREFIX_HEADER = "FinderMenu/FinderMenu-Prefix.pch";
				PRODUCT_NAME = "$(TARGET_NAME)";
			};
			name = Debug;
		};
		0279D93D1634723E0072A5BD /* Release */ = {
			isa = XCBuildConfiguration;
			buildSettings = {
				FRAMEWORK_SEARCH_PATHS = (
					"$(inherited)",
					"\"$(SRCROOT)/../../Library/Developer/Xcode/DerivedData/FinderMenu-gnxhprxagzyxouaxzogedlgqbqck/Build/Products/Default\"",
				);
				GCC_PRECOMPILE_PREFIX_HEADER = YES;
				GCC_PREFIX_HEADER = "FinderMenu/FinderMenu-Prefix.pch";
				PRODUCT_NAME = "$(TARGET_NAME)";
			};
			name = Release;
		};
		0279D96916347E670072A5BD /* Debug */ = {
			isa = XCBuildConfiguration;
			buildSettings = {
				GCC_PRECOMPILE_PREFIX_HEADER = YES;
				GCC_PREFIX_HEADER = "FinderExt/FinderExt-Prefix.pch";
				INFOPLIST_FILE = "FinderExt/FinderExt-Info.plist";
				MACOSX_DEPLOYMENT_TARGET = "";
				PRODUCT_NAME = "$(TARGET_NAME)";
				WRAPPER_EXTENSION = bundle;
			};
			name = Debug;
		};
		0279D96A16347E670072A5BD /* Release */ = {
			isa = XCBuildConfiguration;
			buildSettings = {
				GCC_PRECOMPILE_PREFIX_HEADER = YES;
				GCC_PREFIX_HEADER = "FinderExt/FinderExt-Prefix.pch";
				INFOPLIST_FILE = "FinderExt/FinderExt-Info.plist";
				MACOSX_DEPLOYMENT_TARGET = "";
				PRODUCT_NAME = "$(TARGET_NAME)";
				WRAPPER_EXTENSION = bundle;
			};
			name = Release;
		};
/* End XCBuildConfiguration section */

/* Begin XCConfigurationList section */
		0279D9261634723E0072A5BD /* Build configuration list for PBXProject "FinderMenu" */ = {
			isa = XCConfigurationList;
			buildConfigurations = (
				0279D9391634723E0072A5BD /* Debug */,
				0279D93A1634723E0072A5BD /* Release */,
			);
			defaultConfigurationIsVisible = 0;
			defaultConfigurationName = Release;
		};
		0279D93B1634723E0072A5BD /* Build configuration list for PBXNativeTarget "FinderMenu" */ = {
			isa = XCConfigurationList;
			buildConfigurations = (
				0279D93C1634723E0072A5BD /* Debug */,
				0279D93D1634723E0072A5BD /* Release */,
			);
			defaultConfigurationIsVisible = 0;
			defaultConfigurationName = Release;
		};
		0279D96816347E670072A5BD /* Build configuration list for PBXNativeTarget "FinderExt" */ = {
			isa = XCConfigurationList;
			buildConfigurations = (
				0279D96916347E670072A5BD /* Debug */,
				0279D96A16347E670072A5BD /* Release */,
			);
			defaultConfigurationIsVisible = 0;
			defaultConfigurationName = Release;
		};
/* End XCConfigurationList section */
	};
	rootObject = 0279D9231634723E0072A5BD /* Project object */;
}
